{
  "name": "claude-plugin-linear",
  "version": "1.5.0",
  "lockfileVersion": 3,
  "requires": true,
  "packages": {
    "": {
      "name": "claude-plugin-linear",
      "version": "1.5.0",
      "hasInstallScript": true,
      "license": "MIT",
      "dependencies": {
        "@linear/sdk": "^68.1.0"
      }
    },
    "node_modules/@graphql-typed-document-node/core": {
      "version": "3.2.0",
      "resolved": "https://registry.npmjs.org/@graphql-typed-document-node/core/-/core-3.2.0.tgz",
      "integrity": "sha512-mB9oAsNCm9aM3/SOv4YtBMqZbYj10R7dkq8byBqxGY/ncFwhf2oQzMV+LCRlWoDSEBJ3COiR1yeDvMtsoOsuFQ==",
      "license": "MIT",
      "peerDependencies": {
        "graphql": "^0.8.0 || ^0.9.0 || ^0.10.0 || ^0.11.0 || ^0.12.0 || ^0.13.0 || ^14.0.0 || ^15.0.0 || ^16.0.0 || ^17.0.0"
      }
    },
    "node_modules/@linear/sdk": {
      "version": "68.1.0",
      "resolved": "https://registry.npmjs.org/@linear/sdk/-/sdk-68.1.0.tgz",
      "integrity": "sha512-I6MMle0hXR8SC2KVaDHt+vQvGDSQQwhfA9eq17hAL1y1Sf+7aGpaCXzMx3S4wcD9fLS5LZxd7aY8nAiTYHjoEg==",
      "license": "MIT",
      "dependencies": {
        "@graphql-typed-document-node/core": "^3.1.0",
        "graphql": "^15.4.0"
      },
      "engines": {
        "node": ">=18.x"
      }
    },
    "node_modules/graphql": {
      "version": "15.10.1",
      "resolved": "https://registry.npmjs.org/graphql/-/graphql-15.10.1.tgz",
      "integrity": "sha512-BL/Xd/T9baO6NFzoMpiMD7YUZ62R6viR5tp/MULVEnbYJXZA//kRNW7J0j1w/wXArgL0sCxhDfK5dczSKn3+cg==",
      "license": "MIT",
      "engines": {
        "node": ">= 10.x"
      }
    }
  }
}
